schema: '2.0'
stages:
  synthetic_lr_batch:
    cmd: python -m src.normalize.run_synthetic_lr_batch --n-per-config 1 
      --num-candidates 2
    deps:
    - path: src
      hash: md5
      md5: f228df952753be837a6420de953c2677.dir
      size: 316045
      nfiles: 87
    outs:
    - path: data/normalized/batches
      hash: md5
      md5: babea228e9e9a6236eafcd4535ea3122.dir
      size: 3827
      nfiles: 1
